
Microsoft Visual Studio Solution File, Format Version 12.00
# Visual Studio Version 17
VisualStudioVersion = 17.9.34728.123
MinimumVisualStudioVersion = 10.0.40219.1
Project("{FAE04EC0-301F-11D3-BF4B-00C04F79EFBC}") = "BarChartApp", "BarChartApp\BarChartApp.csproj", "{4AEC11DC-EDE2-4B0A-A1E7-8F80DF6A72E3}"
EndProject
Global
	GlobalSection(SolutionConfigurationPlatforms) = preSolution
		Debug|Any CPU = Debug|Any CPU
		Release|Any CPU = Release|Any CPU
	EndGlobalSection
	GlobalSection(ProjectConfigurationPlatforms) = postSolution
		{4AEC11DC-EDE2-4B0A-A1E7-8F80DF6A72E3}.Debug|Any CPU.ActiveCfg = Debug|Any CPU
		{4AEC11DC-EDE2-4B0A-A1E7-8F80DF6A72E3}.Debug|Any CPU.Build.0 = Debug|Any CPU
		{4AEC11DC-EDE2-4B0A-A1E7-8F80DF6A72E3}.Release|Any CPU.ActiveCfg = Release|Any CPU
		{4AEC11DC-EDE2-4B0A-A1E7-8F80DF6A72E3}.Release|Any CPU.Build.0 = Release|Any CPU
	EndGlobalSection
	GlobalSection(SolutionProperties) = preSolution
		HideSolutionNode = FALSE
	EndGlobalSection
	GlobalSection(ExtensibilityGlobals) = postSolution
		SolutionGuid = {D97B56C9-2838-496D-824B-C0C3E4B48E1F}
	EndGlobalSection
EndGlobal
